{
  "name": "ecsite",
  "version": "1.0.0",
  "lockfileVersion": 1,
  "requires": true,
  "dependencies": {
    "@types/react": {
      "version": "16.0.22",
      "resolved": "https://registry.npmjs.org/@types/react/-/react-16.0.22.tgz",
      "integrity": "sha512-d8STysuhEgZ3MxMqY8PlTcUj2aJljBtQ+94SixlQdFgP3c5gh0fBBW5r73RxHuZqKohYvHb9nNbqGQfco7ReoQ=="
    },
    "@types/react-slick": {
      "version": "0.14.1",
      "resolved": "https://registry.npmjs.org/@types/react-slick/-/react-slick-0.14.1.tgz",
      "integrity": "sha512-C2mTTYiBvVhBUPIW8i4x4sUAxuVIUDnvRyV3p1t/O+L3g+W9YEzexV/NUy2cBHAmhPDDRRuddMTyz6ipxqzhHw==",
      "requires": {
        "@types/react": "16.0.22"
      }
    }
  }
}
